
Microsoft Visual Studio Solution File, Format Version 12.00
# Visual Studio Version 16
VisualStudioVersion = 16.0.31105.61
MinimumVisualStudioVersion = 10.0.40219.1
Project("{FAE04EC0-301F-11D3-BF4B-00C04F79EFBC}") = "WindowsService", "WindowsService\WindowsService.csproj", "{C3015C79-78C1-4C7C-9C9D-CB624B97B593}"
EndProject
Global
	GlobalSection(SolutionConfigurationPlatforms) = preSolution
		Debug|Any CPU = Debug|Any CPU
		Release|Any CPU = Release|Any CPU
	EndGlobalSection
	GlobalSection(ProjectConfigurationPlatforms) = postSolution
		{C3015C79-78C1-4C7C-9C9D-CB624B97B593}.Debug|Any CPU.ActiveCfg = Debug|Any CPU
		{C3015C79-78C1-4C7C-9C9D-CB624B97B593}.Debug|Any CPU.Build.0 = Debug|Any CPU
		{C3015C79-78C1-4C7C-9C9D-CB624B97B593}.Release|Any CPU.ActiveCfg = Release|Any CPU
		{C3015C79-78C1-4C7C-9C9D-CB624B97B593}.Release|Any CPU.Build.0 = Release|Any CPU
	EndGlobalSection
	GlobalSection(SolutionProperties) = preSolution
		HideSolutionNode = FALSE
	EndGlobalSection
	GlobalSection(ExtensibilityGlobals) = postSolution
		SolutionGuid = {F2016905-A842-4F57-98F4-A73F0FC17A13}
	EndGlobalSection
EndGlobal
